
Microsoft Visual Studio Solution File, Format Version 12.00
# Visual Studio Version 16
VisualStudioVersion = 16.0.30804.86
MinimumVisualStudioVersion = 10.0.40219.1
Project("{9A19103F-16F7-4668-BE54-9A1E7A4F7556}") = "Dominio", "Dominio\Dominio.csproj", "{FE779910-3C10-4AEC-ABD7-847DF87735A0}"
EndProject
Project("{9A19103F-16F7-4668-BE54-9A1E7A4F7556}") = "Infraestrutura", "Infraestrutura\Infraestrutura.csproj", "{C54724D1-F4CC-477D-AAE0-B54547AC2E45}"
EndProject
Project("{9A19103F-16F7-4668-BE54-9A1E7A4F7556}") = "CrossCutting", "CrossCutting\CrossCutting.csproj", "{EDD9106C-B002-4011-A91A-E5C22DCEC354}"
EndProject
Project("{9A19103F-16F7-4668-BE54-9A1E7A4F7556}") = "Servico", "Servico\Servico.csproj", "{C8647CFF-EB82-4891-9D15-FBC697715F0D}"
EndProject
Project("{FAE04EC0-301F-11D3-BF4B-00C04F79EFBC}") = "XUnitTestProject1", "XUnitTestProject1\XUnitTestProject1.csproj", "{B68839AA-42EF-4B3A-B0C8-403E1CD3A5B6}"
EndProject
Global
	GlobalSection(SolutionConfigurationPlatforms) = preSolution
		Debug|Any CPU = Debug|Any CPU
		Release|Any CPU = Release|Any CPU
	EndGlobalSection
	GlobalSection(ProjectConfigurationPlatforms) = postSolution
		{FE779910-3C10-4AEC-ABD7-847DF87735A0}.Debug|Any CPU.ActiveCfg = Debug|Any CPU
		{FE779910-3C10-4AEC-ABD7-847DF87735A0}.Debug|Any CPU.Build.0 = Debug|Any CPU
		{FE779910-3C10-4AEC-ABD7-847DF87735A0}.Release|Any CPU.ActiveCfg = Release|Any CPU
		{FE779910-3C10-4AEC-ABD7-847DF87735A0}.Release|Any CPU.Build.0 = Release|Any CPU
		{C54724D1-F4CC-477D-AAE0-B54547AC2E45}.Debug|Any CPU.ActiveCfg = Debug|Any CPU
		{C54724D1-F4CC-477D-AAE0-B54547AC2E45}.Debug|Any CPU.Build.0 = Debug|Any CPU
		{C54724D1-F4CC-477D-AAE0-B54547AC2E45}.Release|Any CPU.ActiveCfg = Release|Any CPU
		{C54724D1-F4CC-477D-AAE0-B54547AC2E45}.Release|Any CPU.Build.0 = Release|Any CPU
		{EDD9106C-B002-4011-A91A-E5C22DCEC354}.Debug|Any CPU.ActiveCfg = Debug|Any CPU
		{EDD9106C-B002-4011-A91A-E5C22DCEC354}.Debug|Any CPU.Build.0 = Debug|Any CPU
		{EDD9106C-B002-4011-A91A-E5C22DCEC354}.Release|Any CPU.ActiveCfg = Release|Any CPU
		{EDD9106C-B002-4011-A91A-E5C22DCEC354}.Release|Any CPU.Build.0 = Release|Any CPU
		{C8647CFF-EB82-4891-9D15-FBC697715F0D}.Debug|Any CPU.ActiveCfg = Debug|Any CPU
		{C8647CFF-EB82-4891-9D15-FBC697715F0D}.Debug|Any CPU.Build.0 = Debug|Any CPU
		{C8647CFF-EB82-4891-9D15-FBC697715F0D}.Release|Any CPU.ActiveCfg = Release|Any CPU
		{C8647CFF-EB82-4891-9D15-FBC697715F0D}.Release|Any CPU.Build.0 = Release|Any CPU
		{B68839AA-42EF-4B3A-B0C8-403E1CD3A5B6}.Debug|Any CPU.ActiveCfg = Debug|Any CPU
		{B68839AA-42EF-4B3A-B0C8-403E1CD3A5B6}.Debug|Any CPU.Build.0 = Debug|Any CPU
		{B68839AA-42EF-4B3A-B0C8-403E1CD3A5B6}.Release|Any CPU.ActiveCfg = Release|Any CPU
		{B68839AA-42EF-4B3A-B0C8-403E1CD3A5B6}.Release|Any CPU.Build.0 = Release|Any CPU
	EndGlobalSection
	GlobalSection(SolutionProperties) = preSolution
		HideSolutionNode = FALSE
	EndGlobalSection
	GlobalSection(ExtensibilityGlobals) = postSolution
		SolutionGuid = {45FDAA39-2D5B-45F0-8F47-EF4C024E6177}
	EndGlobalSection
EndGlobal
